
Microsoft Visual Studio Solution File, Format Version 12.00
# Visual Studio 15
VisualStudioVersion = 15.0.28010.2041
MinimumVisualStudioVersion = 10.0.40219.1
Project("{00D1A9C2-B5F0-4AF3-8072-F6C62B433612}") = "SL_SAFIR", "SL_SAFIR\SL_SAFIR.sqlproj", "{D9F1E4C4-ABBC-4391-A954-B428ABB68AC0}"
EndProject
Global
	GlobalSection(SolutionConfigurationPlatforms) = preSolution
		Debug|Any CPU = Debug|Any CPU
		Release|Any CPU = Release|Any CPU
	EndGlobalSection
	GlobalSection(ProjectConfigurationPlatforms) = postSolution
		{D9F1E4C4-ABBC-4391-A954-B428ABB68AC0}.Debug|Any CPU.ActiveCfg = Debug|Any CPU
		{D9F1E4C4-ABBC-4391-A954-B428ABB68AC0}.Debug|Any CPU.Build.0 = Debug|Any CPU
		{D9F1E4C4-ABBC-4391-A954-B428ABB68AC0}.Debug|Any CPU.Deploy.0 = Debug|Any CPU
		{D9F1E4C4-ABBC-4391-A954-B428ABB68AC0}.Release|Any CPU.ActiveCfg = Release|Any CPU
		{D9F1E4C4-ABBC-4391-A954-B428ABB68AC0}.Release|Any CPU.Build.0 = Release|Any CPU
		{D9F1E4C4-ABBC-4391-A954-B428ABB68AC0}.Release|Any CPU.Deploy.0 = Release|Any CPU
	EndGlobalSection
	GlobalSection(SolutionProperties) = preSolution
		HideSolutionNode = FALSE
	EndGlobalSection
	GlobalSection(ExtensibilityGlobals) = postSolution
		SolutionGuid = {122C6EA2-EDEF-40C1-8FCC-4121C5BFA6F4}
	EndGlobalSection
EndGlobal
